
Microsoft Visual Studio Solution File, Format Version 12.00
# Visual Studio Version 16
VisualStudioVersion = 16.0.33328.57
MinimumVisualStudioVersion = 10.0.40219.1
Project("{8BC9CEB8-8B4A-11D0-8D11-00A0C91BC942}") = "FileReceiver_Win32API", "FileReceiver_Win32API\FileReceiver_Win32API.vcxproj", "{A97B9473-E7E5-4090-AE3A-A7EC1C3842EA}"
EndProject
Global
	GlobalSection(SolutionConfigurationPlatforms) = preSolution
		Debug|x64 = Debug|x64
		Debug|x86 = Debug|x86
		Release|x64 = Release|x64
		Release|x86 = Release|x86
	EndGlobalSection
	GlobalSection(ProjectConfigurationPlatforms) = postSolution
		{A97B9473-E7E5-4090-AE3A-A7EC1C3842EA}.Debug|x64.ActiveCfg = Debug|x64
		{A97B9473-E7E5-4090-AE3A-A7EC1C3842EA}.Debug|x64.Build.0 = Debug|x64
		{A97B9473-E7E5-4090-AE3A-A7EC1C3842EA}.Debug|x86.ActiveCfg = Debug|Win32
		{A97B9473-E7E5-4090-AE3A-A7EC1C3842EA}.Debug|x86.Build.0 = Debug|Win32
		{A97B9473-E7E5-4090-AE3A-A7EC1C3842EA}.Release|x64.ActiveCfg = Release|x64
		{A97B9473-E7E5-4090-AE3A-A7EC1C3842EA}.Release|x64.Build.0 = Release|x64
		{A97B9473-E7E5-4090-AE3A-A7EC1C3842EA}.Release|x86.ActiveCfg = Release|Win32
		{A97B9473-E7E5-4090-AE3A-A7EC1C3842EA}.Release|x86.Build.0 = Release|Win32
	EndGlobalSection
	GlobalSection(SolutionProperties) = preSolution
		HideSolutionNode = FALSE
	EndGlobalSection
	GlobalSection(ExtensibilityGlobals) = postSolution
		SolutionGuid = {C9FA8E1F-8CBB-41BD-A692-F162C63BC6A6}
	EndGlobalSection
EndGlobal
