
Microsoft Visual Studio Solution File, Format Version 12.00
# Visual Studio Version 16
VisualStudioVersion = 16.0.33328.57
MinimumVisualStudioVersion = 10.0.40219.1
Project("{8BC9CEB8-8B4A-11D0-8D11-00A0C91BC942}") = "I_O_Multiplexing_SelectChatServer", "I_O_Multiplexing_SelectChatServer\I_O_Multiplexing_SelectChatServer.vcxproj", "{C246981E-54F2-42D6-A549-B45DF3893C52}"
EndProject
Global
	GlobalSection(SolutionConfigurationPlatforms) = preSolution
		Debug|x64 = Debug|x64
		Debug|x86 = Debug|x86
		Release|x64 = Release|x64
		Release|x86 = Release|x86
	EndGlobalSection
	GlobalSection(ProjectConfigurationPlatforms) = postSolution
		{C246981E-54F2-42D6-A549-B45DF3893C52}.Debug|x64.ActiveCfg = Debug|x64
		{C246981E-54F2-42D6-A549-B45DF3893C52}.Debug|x64.Build.0 = Debug|x64
		{C246981E-54F2-42D6-A549-B45DF3893C52}.Debug|x86.ActiveCfg = Debug|Win32
		{C246981E-54F2-42D6-A549-B45DF3893C52}.Debug|x86.Build.0 = Debug|Win32
		{C246981E-54F2-42D6-A549-B45DF3893C52}.Release|x64.ActiveCfg = Release|x64
		{C246981E-54F2-42D6-A549-B45DF3893C52}.Release|x64.Build.0 = Release|x64
		{C246981E-54F2-42D6-A549-B45DF3893C52}.Release|x86.ActiveCfg = Release|Win32
		{C246981E-54F2-42D6-A549-B45DF3893C52}.Release|x86.Build.0 = Release|Win32
	EndGlobalSection
	GlobalSection(SolutionProperties) = preSolution
		HideSolutionNode = FALSE
	EndGlobalSection
	GlobalSection(ExtensibilityGlobals) = postSolution
		SolutionGuid = {AD095B25-5B9B-4FF2-B189-E4B176052722}
	EndGlobalSection
EndGlobal
